// !$*UTF8*$!
{
	archiveVersion = 1;
	classes = {
	};
	objectVersion = 46;
	objects = {

/* Begin PBXBuildFile section */
		A7273B691F4B18AD00FE9C2D /* GitHubDataSource.swift in Sources */ = {isa = PBXBuildFile; fileRef = A7273B681F4B18AD00FE9C2D /* GitHubDataSource.swift */; };
		A74352311F4AC3EF00732EEE /* GitHubUser.swift in Sources */ = {isa = PBXBuildFile; fileRef = A74352301F4AC3EF00732EEE /* GitHubUser.swift */; };
		A74352331F4AC50E00732EEE /* Constants.swift in Sources */ = {isa = PBXBuildFile; fileRef = A74352321F4AC50E00732EEE /* Constants.swift */; };
		A74352351F4AFDFE00732EEE /* SearchResultsCell.swift in Sources */ = {isa = PBXBuildFile; fileRef = A74352341F4AFDFE00732EEE /* SearchResultsCell.swift */; };
		A7876D171F49BCBA00AED4A0 /* AppDelegate.swift in Sources */ = {isa = PBXBuildFile; fileRef = A7876D161F49BCBA00AED4A0 /* AppDelegate.swift */; };
		A7876D1F1F49BCBA00AED4A0 /* SoftCenterTestProject.xcdatamodeld in Sources */ = {isa = PBXBuildFile; fileRef = A7876D1D1F49BCBA00AED4A0 /* SoftCenterTestProject.xcdatamodeld */; };
		A7876D211F49BCBA00AED4A0 /* Assets.xcassets in Resources */ = {isa = PBXBuildFile; fileRef = A7876D201F49BCBA00AED4A0 /* Assets.xcassets */; };
		A7876D241F49BCBA00AED4A0 /* LaunchScreen.storyboard in Resources */ = {isa = PBXBuildFile; fileRef = A7876D221F49BCBA00AED4A0 /* LaunchScreen.storyboard */; };
		A7876D2F1F49C44100AED4A0 /* SearchViewController.swift in Sources */ = {isa = PBXBuildFile; fileRef = A7876D2E1F49C44100AED4A0 /* SearchViewController.swift */; };
		A7876D311F49CD3800AED4A0 /* API.swift in Sources */ = {isa = PBXBuildFile; fileRef = A7876D301F49CD3800AED4A0 /* API.swift */; };
/* End PBXBuildFile section */

/* Begin PBXFileReference section */
		A7273B681F4B18AD00FE9C2D /* GitHubDataSource.swift */ = {isa = PBXFileReference; fileEncoding = 4; lastKnownFileType = sourcecode.swift; path = GitHubDataSource.swift; sourceTree = "<group>"; };
		A74352301F4AC3EF00732EEE /* GitHubUser.swift */ = {isa = PBXFileReference; fileEncoding = 4; lastKnownFileType = sourcecode.swift; path = GitHubUser.swift; sourceTree = "<group>"; };
		A74352321F4AC50E00732EEE /* Constants.swift */ = {isa = PBXFileReference; fileEncoding = 4; lastKnownFileType = sourcecode.swift; path = Constants.swift; sourceTree = "<group>"; };
		A74352341F4AFDFE00732EEE /* SearchResultsCell.swift */ = {isa = PBXFileReference; fileEncoding = 4; lastKnownFileType = sourcecode.swift; path = SearchResultsCell.swift; sourceTree = "<group>"; };
		A7876D131F49BCBA00AED4A0 /* SoftCenterTestProject.app */ = {isa = PBXFileReference; explicitFileType = wrapper.application; includeInIndex = 0; path = SoftCenterTestProject.app; sourceTree = BUILT_PRODUCTS_DIR; };
		A7876D161F49BCBA00AED4A0 /* AppDelegate.swift */ = {isa = PBXFileReference; lastKnownFileType = sourcecode.swift; path = AppDelegate.swift; sourceTree = "<group>"; };
		A7876D1E1F49BCBA00AED4A0 /* SoftCenterTestProject.xcdatamodel */ = {isa = PBXFileReference; lastKnownFileType = wrapper.xcdatamodel; path = SoftCenterTestProject.xcdatamodel; sourceTree = "<group>"; };
		A7876D201F49BCBA00AED4A0 /* Assets.xcassets */ = {isa = PBXFileReference; lastKnownFileType = folder.assetcatalog; path = Assets.xcassets; sourceTree = "<group>"; };
		A7876D231F49BCBA00AED4A0 /* Base */ = {isa = PBXFileReference; lastKnownFileType = file.storyboard; name = Base; path = Base.lproj/LaunchScreen.storyboard; sourceTree = "<group>"; };
		A7876D251F49BCBA00AED4A0 /* Info.plist */ = {isa = PBXFileReference; lastKnownFileType = text.plist.xml; path = Info.plist; sourceTree = "<group>"; };
		A7876D2E1F49C44100AED4A0 /* SearchViewController.swift */ = {isa = PBXFileReference; fileEncoding = 4; lastKnownFileType = sourcecode.swift; path = SearchViewController.swift; sourceTree = "<group>"; };
		A7876D301F49CD3800AED4A0 /* API.swift */ = {isa = PBXFileReference; fileEncoding = 4; lastKnownFileType = sourcecode.swift; path = API.swift; sourceTree = "<group>"; };
/* End PBXFileReference section */

/* Begin PBXFrameworksBuildPhase section */
		A7876D101F49BCBA00AED4A0 /* Frameworks */ = {
			isa = PBXFrameworksBuildPhase;
			buildActionMask = 2147483647;
			files = (
			);
			runOnlyForDeploymentPostprocessing = 0;
		};
/* End PBXFrameworksBuildPhase section */

/* Begin PBXGroup section */
		A7876D0A1F49BCBA00AED4A0 = {
			isa = PBXGroup;
			children = (
				A7876D151F49BCBA00AED4A0 /* SoftCenterTestProject */,
				A7876D141F49BCBA00AED4A0 /* Products */,
			);
			sourceTree = "<group>";
		};
		A7876D141F49BCBA00AED4A0 /* Products */ = {
			isa = PBXGroup;
			children = (
				A7876D131F49BCBA00AED4A0 /* SoftCenterTestProject.app */,
			);
			name = Products;
			sourceTree = "<group>";
		};
		A7876D151F49BCBA00AED4A0 /* SoftCenterTestProject */ = {
			isa = PBXGroup;
			children = (
				A7876D161F49BCBA00AED4A0 /* AppDelegate.swift */,
				A7876D301F49CD3800AED4A0 /* API.swift */,
				A74352321F4AC50E00732EEE /* Constants.swift */,
				A74352301F4AC3EF00732EEE /* GitHubUser.swift */,
				A7273B681F4B18AD00FE9C2D /* GitHubDataSource.swift */,
				A7876D2E1F49C44100AED4A0 /* SearchViewController.swift */,
				A74352341F4AFDFE00732EEE /* SearchResultsCell.swift */,
				A7876D201F49BCBA00AED4A0 /* Assets.xcassets */,
				A7876D221F49BCBA00AED4A0 /* LaunchScreen.storyboard */,
				A7876D251F49BCBA00AED4A0 /* Info.plist */,
				A7876D1D1F49BCBA00AED4A0 /* SoftCenterTestProject.xcdatamodeld */,
			);
			path = SoftCenterTestProject;
			sourceTree = "<group>";
		};
/* End PBXGroup section */

/* Begin PBXNativeTarget section */
		A7876D121F49BCBA00AED4A0 /* SoftCenterTestProject */ = {
			isa = PBXNativeTarget;
			buildConfigurationList = A7876D281F49BCBA00AED4A0 /* Build configuration list for PBXNativeTarget "SoftCenterTestProject" */;
			buildPhases = (
				A7876D0F1F49BCBA00AED4A0 /* Sources */,
				A7876D101F49BCBA00AED4A0 /* Frameworks */,
				A7876D111F49BCBA00AED4A0 /* Resources */,
			);
			buildRules = (
			);
			dependencies = (
			);
			name = SoftCenterTestProject;
			productName = SoftCenterTestProject;
			productReference = A7876D131F49BCBA00AED4A0 /* SoftCenterTestProject.app */;
			productType = "com.apple.product-type.application";
		};
/* End PBXNativeTarget section */

/* Begin PBXProject section */
		A7876D0B1F49BCBA00AED4A0 /* Project object */ = {
			isa = PBXProject;
			attributes = {
				LastSwiftUpdateCheck = 0830;
				LastUpgradeCheck = 0830;
				ORGANIZATIONNAME = IvanLazarev;
				TargetAttributes = {
					A7876D121F49BCBA00AED4A0 = {
						CreatedOnToolsVersion = 8.3.3;
						DevelopmentTeam = 57QLMT5UKX;
						ProvisioningStyle = Automatic;
					};
				};
			};
			buildConfigurationList = A7876D0E1F49BCBA00AED4A0 /* Build configuration list for PBXProject "SoftCenterTestProject" */;
			compatibilityVersion = "Xcode 3.2";
			developmentRegion = English;
			hasScannedForEncodings = 0;
			knownRegions = (
				en,
				Base,
			);
			mainGroup = A7876D0A1F49BCBA00AED4A0;
			productRefGroup = A7876D141F49BCBA00AED4A0 /* Products */;
			projectDirPath = "";
			projectRoot = "";
			targets = (
				A7876D121F49BCBA00AED4A0 /* SoftCenterTestProject */,
			);
		};
/* End PBXProject section */

/* Begin PBXResourcesBuildPhase section */
		A7876D111F49BCBA00AED4A0 /* Resources */ = {
			isa = PBXResourcesBuildPhase;
			buildActionMask = 2147483647;
			files = (
				A7876D241F49BCBA00AED4A0 /* LaunchScreen.storyboard in Resources */,
				A7876D211F49BCBA00AED4A0 /* Assets.xcassets in Resources */,
			);
			runOnlyForDeploymentPostprocessing = 0;
		};
/* End PBXResourcesBuildPhase section */

/* Begin PBXSourcesBuildPhase section */
		A7876D0F1F49BCBA00AED4A0 /* Sources */ = {
			isa = PBXSourcesBuildPhase;
			buildActionMask = 2147483647;
			files = (
				A7876D2F1F49C44100AED4A0 /* SearchViewController.swift in Sources */,
				A7876D171F49BCBA00AED4A0 /* AppDelegate.swift in Sources */,
				A7876D311F49CD3800AED4A0 /* API.swift in Sources */,
				A74352331F4AC50E00732EEE /* Constants.swift in Sources */,
				A7876D1F1F49BCBA00AED4A0 /* SoftCenterTestProject.xcdatamodeld in Sources */,
				A74352351F4AFDFE00732EEE /* SearchResultsCell.swift in Sources */,
				A74352311F4AC3EF00732EEE /* GitHubUser.swift in Sources */,
				A7273B691F4B18AD00FE9C2D /* GitHubDataSource.swift in Sources */,
			);
			runOnlyForDeploymentPostprocessing = 0;
		};
/* End PBXSourcesBuildPhase section */

/* Begin PBXVariantGroup section */
		A7876D221F49BCBA00AED4A0 /* LaunchScreen.storyboard */ = {
			isa = PBXVariantGroup;
			children = (
				A7876D231F49BCBA00AED4A0 /* Base */,
			);
			name = LaunchScreen.storyboard;
			sourceTree = "<group>";
		};
/* End PBXVariantGroup section */

/* Begin XCBuildConfiguration section */
		A7876D261F49BCBA00AED4A0 /* Debug */ = {
			isa = XCBuildConfiguration;
			buildSettings = {
				ALWAYS_SEARCH_USER_PATHS = NO;
				CLANG_ANALYZER_NONNULL = YES;
				CLANG_ANALYZER_NUMBER_OBJECT_CONVERSION = YES_AGGRESSIVE;
				CLANG_CXX_LANGUAGE_STANDARD = "gnu++0x";
				CLANG_CXX_LIBRARY = "libc++";
				CLANG_ENABLE_MODULES = YES;
				CLANG_ENABLE_OBJC_ARC = YES;
				CLANG_WARN_BOOL_CONVERSION = YES;
				CLANG_WARN_CONSTANT_CONVERSION = YES;
				CLANG_WARN_DIRECT_OBJC_ISA_USAGE = YES_ERROR;
				CLANG_WARN_DOCUMENTATION_COMMENTS = YES;
				CLANG_WARN_EMPTY_BODY = YES;
				CLANG_WARN_ENUM_CONVERSION = YES;
				CLANG_WARN_INFINITE_RECURSION = YES;
				CLANG_WARN_INT_CONVERSION = YES;
				CLANG_WARN_OBJC_ROOT_CLASS = YES_ERROR;
				CLANG_WARN_SUSPICIOUS_MOVE = YES;
				CLANG_WARN_UNREACHABLE_CODE = YES;
				CLANG_WARN__DUPLICATE_METHOD_MATCH = YES;
				"CODE_SIGN_IDENTITY[sdk=iphoneos*]" = "iPhone Developer";
				COPY_PHASE_STRIP = NO;
				DEBUG_INFORMATION_FORMAT = dwarf;
				ENABLE_STRICT_OBJC_MSGSEND = YES;
				ENABLE_TESTABILITY = YES;
				GCC_C_LANGUAGE_STANDARD = gnu99;
				GCC_DYNAMIC_NO_PIC = NO;
				GCC_NO_COMMON_BLOCKS = YES;
				GCC_OPTIMIZATION_LEVEL = 0;
				GCC_PREPROCESSOR_DEFINITIONS = (
					"DEBUG=1",
					"$(inherited)",
				);
				GCC_WARN_64_TO_32_BIT_CONVERSION = YES;
				GCC_WARN_ABOUT_RETURN_TYPE = YES_ERROR;
				GCC_WARN_UNDECLARED_SELECTOR = YES;
				GCC_WARN_UNINITIALIZED_AUTOS = YES_AGGRESSIVE;
				GCC_WARN_UNUSED_FUNCTION = YES;
				GCC_WARN_UNUSED_VARIABLE = YES;
				IPHONEOS_DEPLOYMENT_TARGET = 10.3;
				MTL_ENABLE_DEBUG_INFO = YES;
				ONLY_ACTIVE_ARCH = YES;
				SDKROOT = iphoneos;
				SWIFT_ACTIVE_COMPILATION_CONDITIONS = DEBUG;
				SWIFT_OPTIMIZATION_LEVEL = "-Onone";
			};
			name = Debug;
		};
		A7876D271F49BCBA00AED4A0 /* Release */ = {
			isa = XCBuildConfiguration;
			buildSettings = {
				ALWAYS_SEARCH_USER_PATHS = NO;
				CLANG_ANALYZER_NONNULL = YES;
				CLANG_ANALYZER_NUMBER_OBJECT_CONVERSION = YES_AGGRESSIVE;
				CLANG_CXX_LANGUAGE_STANDARD = "gnu++0x";
				CLANG_CXX_LIBRARY = "libc++";
				CLANG_ENABLE_MODULES = YES;
				CLANG_ENABLE_OBJC_ARC = YES;
				CLANG_WARN_BOOL_CONVERSION = YES;
				CLANG_WARN_CONSTANT_CONVERSION = YES;
				CLANG_WARN_DIRECT_OBJC_ISA_USAGE = YES_ERROR;
				CLANG_WARN_DOCUMENTATION_COMMENTS = YES;
				CLANG_WARN_EMPTY_BODY = YES;
				CLANG_WARN_ENUM_CONVERSION = YES;
				CLANG_WARN_INFINITE_RECURSION = YES;
				CLANG_WARN_INT_CONVERSION = YES;
				CLANG_WARN_OBJC_ROOT_CLASS = YES_ERROR;
				CLANG_WARN_SUSPICIOUS_MOVE = YES;
				CLANG_WARN_UNREACHABLE_CODE = YES;
				CLANG_WARN__DUPLICATE_METHOD_MATCH = YES;
				"CODE_SIGN_IDENTITY[sdk=iphoneos*]" = "iPhone Developer";
				COPY_PHASE_STRIP = NO;
				DEBUG_INFORMATION_FORMAT = "dwarf-with-dsym";
				ENABLE_NS_ASSERTIONS = NO;
				ENABLE_STRICT_OBJC_MSGSEND = YES;
				GCC_C_LANGUAGE_STANDARD = gnu99;
				GCC_NO_COMMON_BLOCKS = YES;
				GCC_WARN_64_TO_32_BIT_CONVERSION = YES;
				GCC_WARN_ABOUT_RETURN_TYPE = YES_ERROR;
				GCC_WARN_UNDECLARED_SELECTOR = YES;
				GCC_WARN_UNINITIALIZED_AUTOS = YES_AGGRESSIVE;
				GCC_WARN_UNUSED_FUNCTION = YES;
				GCC_WARN_UNUSED_VARIABLE = YES;
				IPHONEOS_DEPLOYMENT_TARGET = 10.3;
				MTL_ENABLE_DEBUG_INFO = NO;
				SDKROOT = iphoneos;
				SWIFT_OPTIMIZATION_LEVEL = "-Owholemodule";
				VALIDATE_PRODUCT = YES;
			};
			name = Release;
		};
		A7876D291F49BCBA00AED4A0 /* Debug */ = {
			isa = XCBuildConfiguration;
			buildSettings = {
				ASSETCATALOG_COMPILER_APPICON_NAME = AppIcon;
				DEVELOPMENT_TEAM = 57QLMT5UKX;
				INFOPLIST_FILE = SoftCenterTestProject/Info.plist;
				LD_RUNPATH_SEARCH_PATHS = "$(inherited) @executable_path/Frameworks";
				PRODUCT_BUNDLE_IDENTIFIER = com.ivanlazarev.SoftCenterTestProject;
				PRODUCT_NAME = "$(TARGET_NAME)";
				SWIFT_VERSION = 3.0;
			};
			name = Debug;
		};
		A7876D2A1F49BCBA00AED4A0 /* Release */ = {
			isa = XCBuildConfiguration;
			buildSettings = {
				ASSETCATALOG_COMPILER_APPICON_NAME = AppIcon;
				DEVELOPMENT_TEAM = 57QLMT5UKX;
				INFOPLIST_FILE = SoftCenterTestProject/Info.plist;
				LD_RUNPATH_SEARCH_PATHS = "$(inherited) @executable_path/Frameworks";
				PRODUCT_BUNDLE_IDENTIFIER = com.ivanlazarev.SoftCenterTestProject;
				PRODUCT_NAME = "$(TARGET_NAME)";
				SWIFT_VERSION = 3.0;
			};
			name = Release;
		};
/* End XCBuildConfiguration section */

/* Begin XCConfigurationList section */
		A7876D0E1F49BCBA00AED4A0 /* Build configuration list for PBXProject "SoftCenterTestProject" */ = {
			isa = XCConfigurationList;
			buildConfigurations = (
				A7876D261F49BCBA00AED4A0 /* Debug */,
				A7876D271F49BCBA00AED4A0 /* Release */,
			);
			defaultConfigurationIsVisible = 0;
			defaultConfigurationName = Release;
		};
		A7876D281F49BCBA00AED4A0 /* Build configuration list for PBXNativeTarget "SoftCenterTestProject" */ = {
			isa = XCConfigurationList;
			buildConfigurations = (
				A7876D291F49BCBA00AED4A0 /* Debug */,
				A7876D2A1F49BCBA00AED4A0 /* Release */,
			);
			defaultConfigurationIsVisible = 0;
			defaultConfigurationName = Release;
		};
/* End XCConfigurationList section */

/* Begin XCVersionGroup section */
		A7876D1D1F49BCBA00AED4A0 /* SoftCenterTestProject.xcdatamodeld */ = {
			isa = XCVersionGroup;
			children = (
				A7876D1E1F49BCBA00AED4A0 /* SoftCenterTestProject.xcdatamodel */,
			);
			currentVersion = A7876D1E1F49BCBA00AED4A0 /* SoftCenterTestProject.xcdatamodel */;
			path = SoftCenterTestProject.xcdatamodeld;
			sourceTree = "<group>";
			versionGroupType = wrapper.xcdatamodel;
		};
/* End XCVersionGroup section */
	};
	rootObject = A7876D0B1F49BCBA00AED4A0 /* Project object */;
}
